
Microsoft Visual Studio Solution File, Format Version 12.00
# Visual Studio Version 17
VisualStudioVersion = 17.7.34009.444
MinimumVisualStudioVersion = 10.0.40219.1
Project("{FAE04EC0-301F-11D3-BF4B-00C04F79EFBC}") = "DataBase", "DataBase.csproj", "{88512D72-0102-4B5E-B8A6-39DA045B2021}"
EndProject
Global
	GlobalSection(SolutionConfigurationPlatforms) = preSolution
		Debug|Any CPU = Debug|Any CPU
		Release|Any CPU = Release|Any CPU
	EndGlobalSection
	GlobalSection(ProjectConfigurationPlatforms) = postSolution
		{88512D72-0102-4B5E-B8A6-39DA045B2021}.Debug|Any CPU.ActiveCfg = Debug|Any CPU
		{88512D72-0102-4B5E-B8A6-39DA045B2021}.Debug|Any CPU.Build.0 = Debug|Any CPU
		{88512D72-0102-4B5E-B8A6-39DA045B2021}.Release|Any CPU.ActiveCfg = Release|Any CPU
		{88512D72-0102-4B5E-B8A6-39DA045B2021}.Release|Any CPU.Build.0 = Release|Any CPU
	EndGlobalSection
	GlobalSection(SolutionProperties) = preSolution
		HideSolutionNode = FALSE
	EndGlobalSection
	GlobalSection(ExtensibilityGlobals) = postSolution
		SolutionGuid = {C7A15ED7-47B4-4308-A6B4-61FCDA82DE04}
	EndGlobalSection
EndGlobal
